// !$*UTF8*$!
{
	archiveVersion = 1;
	classes = {
	};
	objectVersion = 55;
	objects = {

/* Begin PBXBuildFile section */
		0072090427AD424C0020D27D /* AppDelegate.swift in Sources */ = {isa = PBXBuildFile; fileRef = 0072090327AD424C0020D27D /* AppDelegate.swift */; };
		0072090627AD424C0020D27D /* SceneDelegate.swift in Sources */ = {isa = PBXBuildFile; fileRef = 0072090527AD424C0020D27D /* SceneDelegate.swift */; };
		0072090827AD424C0020D27D /* ViewController.swift in Sources */ = {isa = PBXBuildFile; fileRef = 0072090727AD424C0020D27D /* ViewController.swift */; };
		0072090B27AD424C0020D27D /* Main.storyboard in Resources */ = {isa = PBXBuildFile; fileRef = 0072090927AD424C0020D27D /* Main.storyboard */; };
		0072090D27AD42510020D27D /* Assets.xcassets in Resources */ = {isa = PBXBuildFile; fileRef = 0072090C27AD42510020D27D /* Assets.xcassets */; };
		0072091027AD42510020D27D /* LaunchScreen.storyboard in Resources */ = {isa = PBXBuildFile; fileRef = 0072090E27AD42510020D27D /* LaunchScreen.storyboard */; };
		0072091B27AD42510020D27D /* PurchaseAppTests.swift in Sources */ = {isa = PBXBuildFile; fileRef = 0072091A27AD42510020D27D /* PurchaseAppTests.swift */; };
		0072092527AD42510020D27D /* PurchaseAppUITests.swift in Sources */ = {isa = PBXBuildFile; fileRef = 0072092427AD42510020D27D /* PurchaseAppUITests.swift */; };
		0072092727AD42510020D27D /* PurchaseAppUITestsLaunchTests.swift in Sources */ = {isa = PBXBuildFile; fileRef = 0072092627AD42510020D27D /* PurchaseAppUITestsLaunchTests.swift */; };
		0072093427AD5E2E0020D27D /* InAppPurchaseManager.swift in Sources */ = {isa = PBXBuildFile; fileRef = 0072093327AD5E2E0020D27D /* InAppPurchaseManager.swift */; };
/* End PBXBuildFile section */

/* Begin PBXContainerItemProxy section */
		0072091727AD42510020D27D /* PBXContainerItemProxy */ = {
			isa = PBXContainerItemProxy;
			containerPortal = 007208F827AD424C0020D27D /* Project object */;
			proxyType = 1;
			remoteGlobalIDString = 007208FF27AD424C0020D27D;
			remoteInfo = PurchaseApp;
		};
		0072092127AD42510020D27D /* PBXContainerItemProxy */ = {
			isa = PBXContainerItemProxy;
			containerPortal = 007208F827AD424C0020D27D /* Project object */;
			proxyType = 1;
			remoteGlobalIDString = 007208FF27AD424C0020D27D;
			remoteInfo = PurchaseApp;
		};
/* End PBXContainerItemProxy section */

/* Begin PBXFileReference section */
		0072090027AD424C0020D27D /* PurchaseApp.app */ = {isa = PBXFileReference; explicitFileType = wrapper.application; includeInIndex = 0; path = PurchaseApp.app; sourceTree = BUILT_PRODUCTS_DIR; };
		0072090327AD424C0020D27D /* AppDelegate.swift */ = {isa = PBXFileReference; lastKnownFileType = sourcecode.swift; path = AppDelegate.swift; sourceTree = "<group>"; };
		0072090527AD424C0020D27D /* SceneDelegate.swift */ = {isa = PBXFileReference; lastKnownFileType = sourcecode.swift; path = SceneDelegate.swift; sourceTree = "<group>"; };
		0072090727AD424C0020D27D /* ViewController.swift */ = {isa = PBXFileReference; lastKnownFileType = sourcecode.swift; path = ViewController.swift; sourceTree = "<group>"; };
		0072090A27AD424C0020D27D /* Base */ = {isa = PBXFileReference; lastKnownFileType = file.storyboard; name = Base; path = Base.lproj/Main.storyboard; sourceTree = "<group>"; };
		0072090C27AD42510020D27D /* Assets.xcassets */ = {isa = PBXFileReference; lastKnownFileType = folder.assetcatalog; path = Assets.xcassets; sourceTree = "<group>"; };
		0072090F27AD42510020D27D /* Base */ = {isa = PBXFileReference; lastKnownFileType = file.storyboard; name = Base; path = Base.lproj/LaunchScreen.storyboard; sourceTree = "<group>"; };
		0072091127AD42510020D27D /* Info.plist */ = {isa = PBXFileReference; lastKnownFileType = text.plist.xml; path = Info.plist; sourceTree = "<group>"; };
		0072091627AD42510020D27D /* PurchaseAppTests.xctest */ = {isa = PBXFileReference; explicitFileType = wrapper.cfbundle; includeInIndex = 0; path = PurchaseAppTests.xctest; sourceTree = BUILT_PRODUCTS_DIR; };
		0072091A27AD42510020D27D /* PurchaseAppTests.swift */ = {isa = PBXFileReference; lastKnownFileType = sourcecode.swift; path = PurchaseAppTests.swift; sourceTree = "<group>"; };
		0072092027AD42510020D27D /* PurchaseAppUITests.xctest */ = {isa = PBXFileReference; explicitFileType = wrapper.cfbundle; includeInIndex = 0; path = PurchaseAppUITests.xctest; sourceTree = BUILT_PRODUCTS_DIR; };
		0072092427AD42510020D27D /* PurchaseAppUITests.swift */ = {isa = PBXFileReference; lastKnownFileType = sourcecode.swift; path = PurchaseAppUITests.swift; sourceTree = "<group>"; };
		0072092627AD42510020D27D /* PurchaseAppUITestsLaunchTests.swift */ = {isa = PBXFileReference; lastKnownFileType = sourcecode.swift; path = PurchaseAppUITestsLaunchTests.swift; sourceTree = "<group>"; };
		0072093327AD5E2E0020D27D /* InAppPurchaseManager.swift */ = {isa = PBXFileReference; lastKnownFileType = sourcecode.swift; path = InAppPurchaseManager.swift; sourceTree = "<group>"; };
		0082779927B9000A00452767 /* Configuration.storekit */ = {isa = PBXFileReference; lastKnownFileType = text; path = Configuration.storekit; sourceTree = "<group>"; };
/* End PBXFileReference section */

/* Begin PBXFrameworksBuildPhase section */
		007208FD27AD424C0020D27D /* Frameworks */ = {
			isa = PBXFrameworksBuildPhase;
			buildActionMask = 2147483647;
			files = (
			);
			runOnlyForDeploymentPostprocessing = 0;
		};
		0072091327AD42510020D27D /* Frameworks */ = {
			isa = PBXFrameworksBuildPhase;
			buildActionMask = 2147483647;
			files = (
			);
			runOnlyForDeploymentPostprocessing = 0;
		};
		0072091D27AD42510020D27D /* Frameworks */ = {
			isa = PBXFrameworksBuildPhase;
			buildActionMask = 2147483647;
			files = (
			);
			runOnlyForDeploymentPostprocessing = 0;
		};
/* End PBXFrameworksBuildPhase section */

/* Begin PBXGroup section */
		007208F727AD424C0020D27D = {
			isa = PBXGroup;
			children = (
				0082779927B9000A00452767 /* Configuration.storekit */,
				0072090227AD424C0020D27D /* PurchaseApp */,
				0072091927AD42510020D27D /* PurchaseAppTests */,
				0072092327AD42510020D27D /* PurchaseAppUITests */,
				0072090127AD424C0020D27D /* Products */,
			);
			sourceTree = "<group>";
		};
		0072090127AD424C0020D27D /* Products */ = {
			isa = PBXGroup;
			children = (
				0072090027AD424C0020D27D /* PurchaseApp.app */,
				0072091627AD42510020D27D /* PurchaseAppTests.xctest */,
				0072092027AD42510020D27D /* PurchaseAppUITests.xctest */,
			);
			name = Products;
			sourceTree = "<group>";
		};
		0072090227AD424C0020D27D /* PurchaseApp */ = {
			isa = PBXGroup;
			children = (
				0072090327AD424C0020D27D /* AppDelegate.swift */,
				0072090527AD424C0020D27D /* SceneDelegate.swift */,
				0072090727AD424C0020D27D /* ViewController.swift */,
				0072090927AD424C0020D27D /* Main.storyboard */,
				0072090C27AD42510020D27D /* Assets.xcassets */,
				0072090E27AD42510020D27D /* LaunchScreen.storyboard */,
				0072091127AD42510020D27D /* Info.plist */,
				0072093327AD5E2E0020D27D /* InAppPurchaseManager.swift */,
			);
			path = PurchaseApp;
			sourceTree = "<group>";
		};
		0072091927AD42510020D27D /* PurchaseAppTests */ = {
			isa = PBXGroup;
			children = (
				0072091A27AD42510020D27D /* PurchaseAppTests.swift */,
			);
			path = PurchaseAppTests;
			sourceTree = "<group>";
		};
		0072092327AD42510020D27D /* PurchaseAppUITests */ = {
			isa = PBXGroup;
			children = (
				0072092427AD42510020D27D /* PurchaseAppUITests.swift */,
				0072092627AD42510020D27D /* PurchaseAppUITestsLaunchTests.swift */,
			);
			path = PurchaseAppUITests;
			sourceTree = "<group>";
		};
/* End PBXGroup section */

/* Begin PBXNativeTarget section */
		007208FF27AD424C0020D27D /* PurchaseApp */ = {
			isa = PBXNativeTarget;
			buildConfigurationList = 0072092A27AD42510020D27D /* Build configuration list for PBXNativeTarget "PurchaseApp" */;
			buildPhases = (
				007208FC27AD424C0020D27D /* Sources */,
				007208FD27AD424C0020D27D /* Frameworks */,
				007208FE27AD424C0020D27D /* Resources */,
			);
			buildRules = (
			);
			dependencies = (
			);
			name = PurchaseApp;
			productName = PurchaseApp;
			productReference = 0072090027AD424C0020D27D /* PurchaseApp.app */;
			productType = "com.apple.product-type.application";
		};
		0072091527AD42510020D27D /* PurchaseAppTests */ = {
			isa = PBXNativeTarget;
			buildConfigurationList = 0072092D27AD42510020D27D /* Build configuration list for PBXNativeTarget "PurchaseAppTests" */;
			buildPhases = (
				0072091227AD42510020D27D /* Sources */,
				0072091327AD42510020D27D /* Frameworks */,
				0072091427AD42510020D27D /* Resources */,
			);
			buildRules = (
			);
			dependencies = (
				0072091827AD42510020D27D /* PBXTargetDependency */,
			);
			name = PurchaseAppTests;
			productName = PurchaseAppTests;
			productReference = 0072091627AD42510020D27D /* PurchaseAppTests.xctest */;
			productType = "com.apple.product-type.bundle.unit-test";
		};
		0072091F27AD42510020D27D /* PurchaseAppUITests */ = {
			isa = PBXNativeTarget;
			buildConfigurationList = 0072093027AD42510020D27D /* Build configuration list for PBXNativeTarget "PurchaseAppUITests" */;
			buildPhases = (
				0072091C27AD42510020D27D /* Sources */,
				0072091D27AD42510020D27D /* Frameworks */,
				0072091E27AD42510020D27D /* Resources */,
			);
			buildRules = (
			);
			dependencies = (
				0072092227AD42510020D27D /* PBXTargetDependency */,
			);
			name = PurchaseAppUITests;
			productName = PurchaseAppUITests;
			productReference = 0072092027AD42510020D27D /* PurchaseAppUITests.xctest */;
			productType = "com.apple.product-type.bundle.ui-testing";
		};
/* End PBXNativeTarget section */

/* Begin PBXProject section */
		007208F827AD424C0020D27D /* Project object */ = {
			isa = PBXProject;
			attributes = {
				BuildIndependentTargetsInParallel = 1;
				LastSwiftUpdateCheck = 1320;
				LastUpgradeCheck = 1320;
				TargetAttributes = {
					007208FF27AD424C0020D27D = {
						CreatedOnToolsVersion = 13.2.1;
					};
					0072091527AD42510020D27D = {
						CreatedOnToolsVersion = 13.2.1;
						TestTargetID = 007208FF27AD424C0020D27D;
					};
					0072091F27AD42510020D27D = {
						CreatedOnToolsVersion = 13.2.1;
						TestTargetID = 007208FF27AD424C0020D27D;
					};
				};
			};
			buildConfigurationList = 007208FB27AD424C0020D27D /* Build configuration list for PBXProject "PurchaseApp" */;
			compatibilityVersion = "Xcode 13.0";
			developmentRegion = en;
			hasScannedForEncodings = 0;
			knownRegions = (
				en,
				Base,
			);
			mainGroup = 007208F727AD424C0020D27D;
			productRefGroup = 0072090127AD424C0020D27D /* Products */;
			projectDirPath = "";
			projectRoot = "";
			targets = (
				007208FF27AD424C0020D27D /* PurchaseApp */,
				0072091527AD42510020D27D /* PurchaseAppTests */,
				0072091F27AD42510020D27D /* PurchaseAppUITests */,
			);
		};
/* End PBXProject section */

/* Begin PBXResourcesBuildPhase section */
		007208FE27AD424C0020D27D /* Resources */ = {
			isa = PBXResourcesBuildPhase;
			buildActionMask = 2147483647;
			files = (
				0072091027AD42510020D27D /* LaunchScreen.storyboard in Resources */,
				0072090D27AD42510020D27D /* Assets.xcassets in Resources */,
				0072090B27AD424C0020D27D /* Main.storyboard in Resources */,
			);
			runOnlyForDeploymentPostprocessing = 0;
		};
		0072091427AD42510020D27D /* Resources */ = {
			isa = PBXResourcesBuildPhase;
			buildActionMask = 2147483647;
			files = (
			);
			runOnlyForDeploymentPostprocessing = 0;
		};
		0072091E27AD42510020D27D /* Resources */ = {
			isa = PBXResourcesBuildPhase;
			buildActionMask = 2147483647;
			files = (
			);
			runOnlyForDeploymentPostprocessing = 0;
		};
/* End PBXResourcesBuildPhase section */

/* Begin PBXSourcesBuildPhase section */
		007208FC27AD424C0020D27D /* Sources */ = {
			isa = PBXSourcesBuildPhase;
			buildActionMask = 2147483647;
			files = (
				0072090827AD424C0020D27D /* ViewController.swift in Sources */,
				0072090427AD424C0020D27D /* AppDelegate.swift in Sources */,
				0072090627AD424C0020D27D /* SceneDelegate.swift in Sources */,
				0072093427AD5E2E0020D27D /* InAppPurchaseManager.swift in Sources */,
			);
			runOnlyForDeploymentPostprocessing = 0;
		};
		0072091227AD42510020D27D /* Sources */ = {
			isa = PBXSourcesBuildPhase;
			buildActionMask = 2147483647;
			files = (
				0072091B27AD42510020D27D /* PurchaseAppTests.swift in Sources */,
			);
			runOnlyForDeploymentPostprocessing = 0;
		};
		0072091C27AD42510020D27D /* Sources */ = {
			isa = PBXSourcesBuildPhase;
			buildActionMask = 2147483647;
			files = (
				0072092527AD42510020D27D /* PurchaseAppUITests.swift in Sources */,
				0072092727AD42510020D27D /* PurchaseAppUITestsLaunchTests.swift in Sources */,
			);
			runOnlyForDeploymentPostprocessing = 0;
		};
/* End PBXSourcesBuildPhase section */

/* Begin PBXTargetDependency section */
		0072091827AD42510020D27D /* PBXTargetDependency */ = {
			isa = PBXTargetDependency;
			target = 007208FF27AD424C0020D27D /* PurchaseApp */;
			targetProxy = 0072091727AD42510020D27D /* PBXContainerItemProxy */;
		};
		0072092227AD42510020D27D /* PBXTargetDependency */ = {
			isa = PBXTargetDependency;
			target = 007208FF27AD424C0020D27D /* PurchaseApp */;
			targetProxy = 0072092127AD42510020D27D /* PBXContainerItemProxy */;
		};
/* End PBXTargetDependency section */

/* Begin PBXVariantGroup section */
		0072090927AD424C0020D27D /* Main.storyboard */ = {
			isa = PBXVariantGroup;
			children = (
				0072090A27AD424C0020D27D /* Base */,
			);
			name = Main.storyboard;
			sourceTree = "<group>";
		};
		0072090E27AD42510020D27D /* LaunchScreen.storyboard */ = {
			isa = PBXVariantGroup;
			children = (
				0072090F27AD42510020D27D /* Base */,
			);
			name = LaunchScreen.storyboard;
			sourceTree = "<group>";
		};
/* End PBXVariantGroup section */

/* Begin XCBuildConfiguration section */
		0072092827AD42510020D27D /* Debug */ = {
			isa = XCBuildConfiguration;
			buildSettings = {
				ALWAYS_SEARCH_USER_PATHS = NO;
				CLANG_ANALYZER_NONNULL = YES;
				CLANG_ANALYZER_NUMBER_OBJECT_CONVERSION = YES_AGGRESSIVE;
				CLANG_CXX_LANGUAGE_STANDARD = "gnu++17";
				CLANG_CXX_LIBRARY = "libc++";
				CLANG_ENABLE_MODULES = YES;
				CLANG_ENABLE_OBJC_ARC = YES;
				CLANG_ENABLE_OBJC_WEAK = YES;
				CLANG_WARN_BLOCK_CAPTURE_AUTORELEASING = YES;
				CLANG_WARN_BOOL_CONVERSION = YES;
				CLANG_WARN_COMMA = YES;
				CLANG_WARN_CONSTANT_CONVERSION = YES;
				CLANG_WARN_DEPRECATED_OBJC_IMPLEMENTATIONS = YES;
				CLANG_WARN_DIRECT_OBJC_ISA_USAGE = YES_ERROR;
				CLANG_WARN_DOCUMENTATION_COMMENTS = YES;
				CLANG_WARN_EMPTY_BODY = YES;
				CLANG_WARN_ENUM_CONVERSION = YES;
				CLANG_WARN_INFINITE_RECURSION = YES;
				CLANG_WARN_INT_CONVERSION = YES;
				CLANG_WARN_NON_LITERAL_NULL_CONVERSION = YES;
				CLANG_WARN_OBJC_IMPLICIT_RETAIN_SELF = YES;
				CLANG_WARN_OBJC_LITERAL_CONVERSION = YES;
				CLANG_WARN_OBJC_ROOT_CLASS = YES_ERROR;
				CLANG_WARN_QUOTED_INCLUDE_IN_FRAMEWORK_HEADER = YES;
				CLANG_WARN_RANGE_LOOP_ANALYSIS = YES;
				CLANG_WARN_STRICT_PROTOTYPES = YES;
				CLANG_WARN_SUSPICIOUS_MOVE = YES;
				CLANG_WARN_UNGUARDED_AVAILABILITY = YES_AGGRESSIVE;
				CLANG_WARN_UNREACHABLE_CODE = YES;
				CLANG_WARN__DUPLICATE_METHOD_MATCH = YES;
				COPY_PHASE_STRIP = NO;
				DEBUG_INFORMATION_FORMAT = dwarf;
				ENABLE_STRICT_OBJC_MSGSEND = YES;
				ENABLE_TESTABILITY = YES;
				GCC_C_LANGUAGE_STANDARD = gnu11;
				GCC_DYNAMIC_NO_PIC = NO;
				GCC_NO_COMMON_BLOCKS = YES;
				GCC_OPTIMIZATION_LEVEL = 0;
				GCC_PREPROCESSOR_DEFINITIONS = (
					"DEBUG=1",
					"$(inherited)",
				);
				GCC_WARN_64_TO_32_BIT_CONVERSION = YES;
				GCC_WARN_ABOUT_RETURN_TYPE = YES_ERROR;
				GCC_WARN_UNDECLARED_SELECTOR = YES;
				GCC_WARN_UNINITIALIZED_AUTOS = YES_AGGRESSIVE;
				GCC_WARN_UNUSED_FUNCTION = YES;
				GCC_WARN_UNUSED_VARIABLE = YES;
				IPHONEOS_DEPLOYMENT_TARGET = 15.2;
				MTL_ENABLE_DEBUG_INFO = INCLUDE_SOURCE;
				MTL_FAST_MATH = YES;
				ONLY_ACTIVE_ARCH = YES;
				SDKROOT = iphoneos;
				SWIFT_ACTIVE_COMPILATION_CONDITIONS = DEBUG;
				SWIFT_OPTIMIZATION_LEVEL = "-Onone";
			};
			name = Debug;
		};
		0072092927AD42510020D27D /* Release */ = {
			isa = XCBuildConfiguration;
			buildSettings = {
				ALWAYS_SEARCH_USER_PATHS = NO;
				CLANG_ANALYZER_NONNULL = YES;
				CLANG_ANALYZER_NUMBER_OBJECT_CONVERSION = YES_AGGRESSIVE;
				CLANG_CXX_LANGUAGE_STANDARD = "gnu++17";
				CLANG_CXX_LIBRARY = "libc++";
				CLANG_ENABLE_MODULES = YES;
				CLANG_ENABLE_OBJC_ARC = YES;
				CLANG_ENABLE_OBJC_WEAK = YES;
				CLANG_WARN_BLOCK_CAPTURE_AUTORELEASING = YES;
				CLANG_WARN_BOOL_CONVERSION = YES;
				CLANG_WARN_COMMA = YES;
				CLANG_WARN_CONSTANT_CONVERSION = YES;
				CLANG_WARN_DEPRECATED_OBJC_IMPLEMENTATIONS = YES;
				CLANG_WARN_DIRECT_OBJC_ISA_USAGE = YES_ERROR;
				CLANG_WARN_DOCUMENTATION_COMMENTS = YES;
				CLANG_WARN_EMPTY_BODY = YES;
				CLANG_WARN_ENUM_CONVERSION = YES;
				CLANG_WARN_INFINITE_RECURSION = YES;
				CLANG_WARN_INT_CONVERSION = YES;
				CLANG_WARN_NON_LITERAL_NULL_CONVERSION = YES;
				CLANG_WARN_OBJC_IMPLICIT_RETAIN_SELF = YES;
				CLANG_WARN_OBJC_LITERAL_CONVERSION = YES;
				CLANG_WARN_OBJC_ROOT_CLASS = YES_ERROR;
				CLANG_WARN_QUOTED_INCLUDE_IN_FRAMEWORK_HEADER = YES;
				CLANG_WARN_RANGE_LOOP_ANALYSIS = YES;
				CLANG_WARN_STRICT_PROTOTYPES = YES;
				CLANG_WARN_SUSPICIOUS_MOVE = YES;
				CLANG_WARN_UNGUARDED_AVAILABILITY = YES_AGGRESSIVE;
				CLANG_WARN_UNREACHABLE_CODE = YES;
				CLANG_WARN__DUPLICATE_METHOD_MATCH = YES;
				COPY_PHASE_STRIP = NO;
				DEBUG_INFORMATION_FORMAT = "dwarf-with-dsym";
				ENABLE_NS_ASSERTIONS = NO;
				ENABLE_STRICT_OBJC_MSGSEND = YES;
				GCC_C_LANGUAGE_STANDARD = gnu11;
				GCC_NO_COMMON_BLOCKS = YES;
				GCC_WARN_64_TO_32_BIT_CONVERSION = YES;
				GCC_WARN_ABOUT_RETURN_TYPE = YES_ERROR;
				GCC_WARN_UNDECLARED_SELECTOR = YES;
				GCC_WARN_UNINITIALIZED_AUTOS = YES_AGGRESSIVE;
				GCC_WARN_UNUSED_FUNCTION = YES;
				GCC_WARN_UNUSED_VARIABLE = YES;
				IPHONEOS_DEPLOYMENT_TARGET = 15.2;
				MTL_ENABLE_DEBUG_INFO = NO;
				MTL_FAST_MATH = YES;
				SDKROOT = iphoneos;
				SWIFT_COMPILATION_MODE = wholemodule;
				SWIFT_OPTIMIZATION_LEVEL = "-O";
				VALIDATE_PRODUCT = YES;
			};
			name = Release;
		};
		0072092B27AD42510020D27D /* Debug */ = {
			isa = XCBuildConfiguration;
			buildSettings = {
				ASSETCATALOG_COMPILER_APPICON_NAME = AppIcon;
				ASSETCATALOG_COMPILER_GLOBAL_ACCENT_COLOR_NAME = AccentColor;
				CODE_SIGN_STYLE = Automatic;
				CURRENT_PROJECT_VERSION = 1;
				DEVELOPMENT_TEAM = Y3VRYY266M;
				GENERATE_INFOPLIST_FILE = YES;
				INFOPLIST_FILE = PurchaseApp/Info.plist;
				INFOPLIST_KEY_UIApplicationSupportsIndirectInputEvents = YES;
				INFOPLIST_KEY_UILaunchStoryboardName = LaunchScreen;
				INFOPLIST_KEY_UIMainStoryboardFile = Main;
				INFOPLIST_KEY_UISupportedInterfaceOrientations_iPad = "UIInterfaceOrientationPortrait UIInterfaceOrientationPortraitUpsideDown UIInterfaceOrientationLandscapeLeft UIInterfaceOrientationLandscapeRight";
				INFOPLIST_KEY_UISupportedInterfaceOrientations_iPhone = "UIInterfaceOrientationPortrait UIInterfaceOrientationLandscapeLeft UIInterfaceOrientationLandscapeRight";
				LD_RUNPATH_SEARCH_PATHS = (
					"$(inherited)",
					"@executable_path/Frameworks",
				);
				MARKETING_VERSION = 1.0;
				PRODUCT_BUNDLE_IDENTIFIER = com.mtarix.PurchaseApp;
				PRODUCT_NAME = "$(TARGET_NAME)";
				SWIFT_EMIT_LOC_STRINGS = YES;
				SWIFT_VERSION = 5.0;
				TARGETED_DEVICE_FAMILY = "1,2";
			};
			name = Debug;
		};
		0072092C27AD42510020D27D /* Release */ = {
			isa = XCBuildConfiguration;
			buildSettings = {
				ASSETCATALOG_COMPILER_APPICON_NAME = AppIcon;
				ASSETCATALOG_COMPILER_GLOBAL_ACCENT_COLOR_NAME = AccentColor;
				CODE_SIGN_STYLE = Automatic;
				CURRENT_PROJECT_VERSION = 1;
				DEVELOPMENT_TEAM = Y3VRYY266M;
				GENERATE_INFOPLIST_FILE = YES;
				INFOPLIST_FILE = PurchaseApp/Info.plist;
				INFOPLIST_KEY_UIApplicationSupportsIndirectInputEvents = YES;
				INFOPLIST_KEY_UILaunchStoryboardName = LaunchScreen;
				INFOPLIST_KEY_UIMainStoryboardFile = Main;
				INFOPLIST_KEY_UISupportedInterfaceOrientations_iPad = "UIInterfaceOrientationPortrait UIInterfaceOrientationPortraitUpsideDown UIInterfaceOrientationLandscapeLeft UIInterfaceOrientationLandscapeRight";
				INFOPLIST_KEY_UISupportedInterfaceOrientations_iPhone = "UIInterfaceOrientationPortrait UIInterfaceOrientationLandscapeLeft UIInterfaceOrientationLandscapeRight";
				LD_RUNPATH_SEARCH_PATHS = (
					"$(inherited)",
					"@executable_path/Frameworks",
				);
				MARKETING_VERSION = 1.0;
				PRODUCT_BUNDLE_IDENTIFIER = com.emraz.ScreenRecord2;
				PRODUCT_NAME = "$(TARGET_NAME)";
				SWIFT_EMIT_LOC_STRINGS = YES;
				SWIFT_VERSION = 5.0;
				TARGETED_DEVICE_FAMILY = "1,2";
			};
			name = Release;
		};
		0072092E27AD42510020D27D /* Debug */ = {
			isa = XCBuildConfiguration;
			buildSettings = {
				ALWAYS_EMBED_SWIFT_STANDARD_LIBRARIES = YES;
				BUNDLE_LOADER = "$(TEST_HOST)";
				CODE_SIGN_STYLE = Automatic;
				CURRENT_PROJECT_VERSION = 1;
				DEVELOPMENT_TEAM = Y3VRYY266M;
				GENERATE_INFOPLIST_FILE = YES;
				IPHONEOS_DEPLOYMENT_TARGET = 15.2;
				MARKETING_VERSION = 1.0;
				PRODUCT_BUNDLE_IDENTIFIER = com.Matrix.PurchaseAppTests;
				PRODUCT_NAME = "$(TARGET_NAME)";
				SWIFT_EMIT_LOC_STRINGS = NO;
				SWIFT_VERSION = 5.0;
				TARGETED_DEVICE_FAMILY = "1,2";
				TEST_HOST = "$(BUILT_PRODUCTS_DIR)/PurchaseApp.app/PurchaseApp";
			};
			name = Debug;
		};
		0072092F27AD42510020D27D /* Release */ = {
			isa = XCBuildConfiguration;
			buildSettings = {
				ALWAYS_EMBED_SWIFT_STANDARD_LIBRARIES = YES;
				BUNDLE_LOADER = "$(TEST_HOST)";
				CODE_SIGN_STYLE = Automatic;
				CURRENT_PROJECT_VERSION = 1;
				DEVELOPMENT_TEAM = Y3VRYY266M;
				GENERATE_INFOPLIST_FILE = YES;
				IPHONEOS_DEPLOYMENT_TARGET = 15.2;
				MARKETING_VERSION = 1.0;
				PRODUCT_BUNDLE_IDENTIFIER = com.Matrix.PurchaseAppTests;
				PRODUCT_NAME = "$(TARGET_NAME)";
				SWIFT_EMIT_LOC_STRINGS = NO;
				SWIFT_VERSION = 5.0;
				TARGETED_DEVICE_FAMILY = "1,2";
				TEST_HOST = "$(BUILT_PRODUCTS_DIR)/PurchaseApp.app/PurchaseApp";
			};
			name = Release;
		};
		0072093127AD42510020D27D /* Debug */ = {
			isa = XCBuildConfiguration;
			buildSettings = {
				ALWAYS_EMBED_SWIFT_STANDARD_LIBRARIES = YES;
				CODE_SIGN_STYLE = Automatic;
				CURRENT_PROJECT_VERSION = 1;
				DEVELOPMENT_TEAM = Y3VRYY266M;
				GENERATE_INFOPLIST_FILE = YES;
				MARKETING_VERSION = 1.0;
				PRODUCT_BUNDLE_IDENTIFIER = com.Matrix.PurchaseAppUITests;
				PRODUCT_NAME = "$(TARGET_NAME)";
				SWIFT_EMIT_LOC_STRINGS = NO;
				SWIFT_VERSION = 5.0;
				TARGETED_DEVICE_FAMILY = "1,2";
				TEST_TARGET_NAME = PurchaseApp;
			};
			name = Debug;
		};
		0072093227AD42510020D27D /* Release */ = {
			isa = XCBuildConfiguration;
			buildSettings = {
				ALWAYS_EMBED_SWIFT_STANDARD_LIBRARIES = YES;
				CODE_SIGN_STYLE = Automatic;
				CURRENT_PROJECT_VERSION = 1;
				DEVELOPMENT_TEAM = Y3VRYY266M;
				GENERATE_INFOPLIST_FILE = YES;
				MARKETING_VERSION = 1.0;
				PRODUCT_BUNDLE_IDENTIFIER = com.Matrix.PurchaseAppUITests;
				PRODUCT_NAME = "$(TARGET_NAME)";
				SWIFT_EMIT_LOC_STRINGS = NO;
				SWIFT_VERSION = 5.0;
				TARGETED_DEVICE_FAMILY = "1,2";
				TEST_TARGET_NAME = PurchaseApp;
			};
			name = Release;
		};
/* End XCBuildConfiguration section */

/* Begin XCConfigurationList section */
		007208FB27AD424C0020D27D /* Build configuration list for PBXProject "PurchaseApp" */ = {
			isa = XCConfigurationList;
			buildConfigurations = (
				0072092827AD42510020D27D /* Debug */,
				0072092927AD42510020D27D /* Release */,
			);
			defaultConfigurationIsVisible = 0;
			defaultConfigurationName = Release;
		};
		0072092A27AD42510020D27D /* Build configuration list for PBXNativeTarget "PurchaseApp" */ = {
			isa = XCConfigurationList;
			buildConfigurations = (
				0072092B27AD42510020D27D /* Debug */,
				0072092C27AD42510020D27D /* Release */,
			);
			defaultConfigurationIsVisible = 0;
			defaultConfigurationName = Release;
		};
		0072092D27AD42510020D27D /* Build configuration list for PBXNativeTarget "PurchaseAppTests" */ = {
			isa = XCConfigurationList;
			buildConfigurations = (
				0072092E27AD42510020D27D /* Debug */,
				0072092F27AD42510020D27D /* Release */,
			);
			defaultConfigurationIsVisible = 0;
			defaultConfigurationName = Release;
		};
		0072093027AD42510020D27D /* Build configuration list for PBXNativeTarget "PurchaseAppUITests" */ = {
			isa = XCConfigurationList;
			buildConfigurations = (
				0072093127AD42510020D27D /* Debug */,
				0072093227AD42510020D27D /* Release */,
			);
			defaultConfigurationIsVisible = 0;
			defaultConfigurationName = Release;
		};
/* End XCConfigurationList section */
	};
	rootObject = 007208F827AD424C0020D27D /* Project object */;
}
